
Microsoft Visual Studio Solution File, Format Version 12.00
# Visual Studio Version 17
VisualStudioVersion = 17.7.34031.279
MinimumVisualStudioVersion = 10.0.40219.1
Project("{9A19103F-16F7-4668-BE54-9A1E7A4F7556}") = "IntentosPruebas", "IntentosPruebas\IntentosPruebas.csproj", "{BA63FA45-90E4-45F9-8F59-FAE645DE3981}"
EndProject
Project("{9A19103F-16F7-4668-BE54-9A1E7A4F7556}") = "IntentoNavegacion", "IntentoNavegacion\IntentoNavegacion.csproj", "{F6E9ABBF-749A-40BE-8837-A072D209F8B4}"
EndProject
Project("{9A19103F-16F7-4668-BE54-9A1E7A4F7556}") = "IntentoListView", "IntentoListView\IntentoListView.csproj", "{D556759E-6FE2-4E0E-8FB8-7BB9C4E2E20A}"
EndProject
Project("{FAE04EC0-301F-11D3-BF4B-00C04F79EFBC}") = "IntentoBinding", "IntentoBinding\IntentoBinding.csproj", "{3C64B520-7FC3-4520-912B-06B780FC75FE}"
EndProject
Global
	GlobalSection(SolutionConfigurationPlatforms) = preSolution
		Debug|Any CPU = Debug|Any CPU
		Release|Any CPU = Release|Any CPU
	EndGlobalSection
	GlobalSection(ProjectConfigurationPlatforms) = postSolution
		{BA63FA45-90E4-45F9-8F59-FAE645DE3981}.Debug|Any CPU.ActiveCfg = Debug|Any CPU
		{BA63FA45-90E4-45F9-8F59-FAE645DE3981}.Debug|Any CPU.Build.0 = Debug|Any CPU
		{BA63FA45-90E4-45F9-8F59-FAE645DE3981}.Debug|Any CPU.Deploy.0 = Debug|Any CPU
		{BA63FA45-90E4-45F9-8F59-FAE645DE3981}.Release|Any CPU.ActiveCfg = Release|Any CPU
		{BA63FA45-90E4-45F9-8F59-FAE645DE3981}.Release|Any CPU.Build.0 = Release|Any CPU
		{BA63FA45-90E4-45F9-8F59-FAE645DE3981}.Release|Any CPU.Deploy.0 = Release|Any CPU
		{F6E9ABBF-749A-40BE-8837-A072D209F8B4}.Debug|Any CPU.ActiveCfg = Debug|Any CPU
		{F6E9ABBF-749A-40BE-8837-A072D209F8B4}.Debug|Any CPU.Build.0 = Debug|Any CPU
		{F6E9ABBF-749A-40BE-8837-A072D209F8B4}.Debug|Any CPU.Deploy.0 = Debug|Any CPU
		{F6E9ABBF-749A-40BE-8837-A072D209F8B4}.Release|Any CPU.ActiveCfg = Release|Any CPU
		{F6E9ABBF-749A-40BE-8837-A072D209F8B4}.Release|Any CPU.Build.0 = Release|Any CPU
		{F6E9ABBF-749A-40BE-8837-A072D209F8B4}.Release|Any CPU.Deploy.0 = Release|Any CPU
		{D556759E-6FE2-4E0E-8FB8-7BB9C4E2E20A}.Debug|Any CPU.ActiveCfg = Debug|Any CPU
		{D556759E-6FE2-4E0E-8FB8-7BB9C4E2E20A}.Debug|Any CPU.Build.0 = Debug|Any CPU
		{D556759E-6FE2-4E0E-8FB8-7BB9C4E2E20A}.Debug|Any CPU.Deploy.0 = Debug|Any CPU
		{D556759E-6FE2-4E0E-8FB8-7BB9C4E2E20A}.Release|Any CPU.ActiveCfg = Release|Any CPU
		{D556759E-6FE2-4E0E-8FB8-7BB9C4E2E20A}.Release|Any CPU.Build.0 = Release|Any CPU
		{D556759E-6FE2-4E0E-8FB8-7BB9C4E2E20A}.Release|Any CPU.Deploy.0 = Release|Any CPU
		{3C64B520-7FC3-4520-912B-06B780FC75FE}.Debug|Any CPU.ActiveCfg = Debug|Any CPU
		{3C64B520-7FC3-4520-912B-06B780FC75FE}.Debug|Any CPU.Build.0 = Debug|Any CPU
		{3C64B520-7FC3-4520-912B-06B780FC75FE}.Debug|Any CPU.Deploy.0 = Debug|Any CPU
		{3C64B520-7FC3-4520-912B-06B780FC75FE}.Release|Any CPU.ActiveCfg = Release|Any CPU
		{3C64B520-7FC3-4520-912B-06B780FC75FE}.Release|Any CPU.Build.0 = Release|Any CPU
		{3C64B520-7FC3-4520-912B-06B780FC75FE}.Release|Any CPU.Deploy.0 = Release|Any CPU
	EndGlobalSection
	GlobalSection(SolutionProperties) = preSolution
		HideSolutionNode = FALSE
	EndGlobalSection
	GlobalSection(ExtensibilityGlobals) = postSolution
		SolutionGuid = {4B2B378A-5AED-400A-85B7-7B953B0ED07E}
	EndGlobalSection
EndGlobal
